
Microsoft Visual Studio Solution File, Format Version 12.00
# Visual Studio 15
VisualStudioVersion = 15.0.28010.2048
MinimumVisualStudioVersion = 10.0.40219.1
Project("{FAE04EC0-301F-11D3-BF4B-00C04F79EFBC}") = "AdminLte2", "AdminLte2\AdminLte2.csproj", "{3A4FDBE5-2F0C-4D1A-9F2F-0F76AB9A9E94}"
EndProject
Project("{2150E333-8FDC-42A3-9474-1A3956D46DE8}") = "WebZen", "WebZen", "{26DBAB56-E5A3-4EFA-A9E7-4350A208703F}"
EndProject
Project("{FAE04EC0-301F-11D3-BF4B-00C04F79EFBC}") = "Zen.Web", "Zen.Web\Zen.Web.csproj", "{D66059C2-60AF-4AEE-B6FC-11C406888B07}"
EndProject
Global
	GlobalSection(SolutionConfigurationPlatforms) = preSolution
		Debug|Any CPU = Debug|Any CPU
		Release|Any CPU = Release|Any CPU
	EndGlobalSection
	GlobalSection(ProjectConfigurationPlatforms) = postSolution
		{3A4FDBE5-2F0C-4D1A-9F2F-0F76AB9A9E94}.Debug|Any CPU.ActiveCfg = Debug|Any CPU
		{3A4FDBE5-2F0C-4D1A-9F2F-0F76AB9A9E94}.Debug|Any CPU.Build.0 = Debug|Any CPU
		{3A4FDBE5-2F0C-4D1A-9F2F-0F76AB9A9E94}.Release|Any CPU.ActiveCfg = Release|Any CPU
		{3A4FDBE5-2F0C-4D1A-9F2F-0F76AB9A9E94}.Release|Any CPU.Build.0 = Release|Any CPU
		{D66059C2-60AF-4AEE-B6FC-11C406888B07}.Debug|Any CPU.ActiveCfg = Debug|Any CPU
		{D66059C2-60AF-4AEE-B6FC-11C406888B07}.Debug|Any CPU.Build.0 = Debug|Any CPU
		{D66059C2-60AF-4AEE-B6FC-11C406888B07}.Release|Any CPU.ActiveCfg = Release|Any CPU
		{D66059C2-60AF-4AEE-B6FC-11C406888B07}.Release|Any CPU.Build.0 = Release|Any CPU
	EndGlobalSection
	GlobalSection(SolutionProperties) = preSolution
		HideSolutionNode = FALSE
	EndGlobalSection
	GlobalSection(NestedProjects) = preSolution
		{D66059C2-60AF-4AEE-B6FC-11C406888B07} = {26DBAB56-E5A3-4EFA-A9E7-4350A208703F}
	EndGlobalSection
	GlobalSection(ExtensibilityGlobals) = postSolution
		SolutionGuid = {FD8988F2-FF35-40B4-A811-28C903244367}
	EndGlobalSection
EndGlobal
